
Microsoft Visual Studio Solution File, Format Version 12.00
# Visual Studio Version 16
VisualStudioVersion = 16.0.29409.12
MinimumVisualStudioVersion = 10.0.40219.1
Project("{9A19103F-16F7-4668-BE54-9A1E7A4F7556}") = "MazeGenerator", "Maze.Generator\MazeGenerator.csproj", "{43D1A22D-EC6E-497B-9953-34308431E33F}"
EndProject
Project("{9A19103F-16F7-4668-BE54-9A1E7A4F7556}") = "Maze.Console", "Maze.Console\Maze.Console.csproj", "{BF56B51A-EDCE-4416-BC1A-D426BD1EF15B}"
EndProject
Project("{FAE04EC0-301F-11D3-BF4B-00C04F79EFBC}") = "Maze.Tests", "Maze.Tests\Maze.Tests.csproj", "{82EE3C23-1DBB-4F4D-B1DB-7DBC04F88744}"
EndProject
Project("{FAE04EC0-301F-11D3-BF4B-00C04F79EFBC}") = "Maze.Front", "Maze.Front\Maze.Front.csproj", "{0766197A-7267-4297-9ED8-EEE2935D6760}"
EndProject
Project("{FAE04EC0-301F-11D3-BF4B-00C04F79EFBC}") = "Maze.Drawing", "Maze.Drawing\Maze.Drawing.csproj", "{8DA7B25A-1CA5-4F16-A85B-835F9CD4FBE8}"
EndProject
Global
	GlobalSection(SolutionConfigurationPlatforms) = preSolution
		Debug|Any CPU = Debug|Any CPU
		Release|Any CPU = Release|Any CPU
	EndGlobalSection
	GlobalSection(ProjectConfigurationPlatforms) = postSolution
		{43D1A22D-EC6E-497B-9953-34308431E33F}.Debug|Any CPU.ActiveCfg = Debug|Any CPU
		{43D1A22D-EC6E-497B-9953-34308431E33F}.Debug|Any CPU.Build.0 = Debug|Any CPU
		{43D1A22D-EC6E-497B-9953-34308431E33F}.Release|Any CPU.ActiveCfg = Release|Any CPU
		{43D1A22D-EC6E-497B-9953-34308431E33F}.Release|Any CPU.Build.0 = Release|Any CPU
		{BF56B51A-EDCE-4416-BC1A-D426BD1EF15B}.Debug|Any CPU.ActiveCfg = Debug|Any CPU
		{BF56B51A-EDCE-4416-BC1A-D426BD1EF15B}.Debug|Any CPU.Build.0 = Debug|Any CPU
		{BF56B51A-EDCE-4416-BC1A-D426BD1EF15B}.Release|Any CPU.ActiveCfg = Release|Any CPU
		{BF56B51A-EDCE-4416-BC1A-D426BD1EF15B}.Release|Any CPU.Build.0 = Release|Any CPU
		{82EE3C23-1DBB-4F4D-B1DB-7DBC04F88744}.Debug|Any CPU.ActiveCfg = Debug|Any CPU
		{82EE3C23-1DBB-4F4D-B1DB-7DBC04F88744}.Debug|Any CPU.Build.0 = Debug|Any CPU
		{82EE3C23-1DBB-4F4D-B1DB-7DBC04F88744}.Release|Any CPU.ActiveCfg = Release|Any CPU
		{82EE3C23-1DBB-4F4D-B1DB-7DBC04F88744}.Release|Any CPU.Build.0 = Release|Any CPU
		{0766197A-7267-4297-9ED8-EEE2935D6760}.Debug|Any CPU.ActiveCfg = Debug|Any CPU
		{0766197A-7267-4297-9ED8-EEE2935D6760}.Debug|Any CPU.Build.0 = Debug|Any CPU
		{0766197A-7267-4297-9ED8-EEE2935D6760}.Release|Any CPU.ActiveCfg = Release|Any CPU
		{0766197A-7267-4297-9ED8-EEE2935D6760}.Release|Any CPU.Build.0 = Release|Any CPU
		{8DA7B25A-1CA5-4F16-A85B-835F9CD4FBE8}.Debug|Any CPU.ActiveCfg = Debug|Any CPU
		{8DA7B25A-1CA5-4F16-A85B-835F9CD4FBE8}.Debug|Any CPU.Build.0 = Debug|Any CPU
		{8DA7B25A-1CA5-4F16-A85B-835F9CD4FBE8}.Release|Any CPU.ActiveCfg = Release|Any CPU
		{8DA7B25A-1CA5-4F16-A85B-835F9CD4FBE8}.Release|Any CPU.Build.0 = Release|Any CPU
	EndGlobalSection
	GlobalSection(SolutionProperties) = preSolution
		HideSolutionNode = FALSE
	EndGlobalSection
	GlobalSection(ExtensibilityGlobals) = postSolution
		SolutionGuid = {4E335B81-FB2B-421D-8BF3-89A78F3DA09D}
	EndGlobalSection
EndGlobal
